
Microsoft Visual Studio Solution File, Format Version 12.00
# Visual Studio 2013
VisualStudioVersion = 12.0.21005.1
MinimumVisualStudioVersion = 10.0.40219.1
Project("{FAE04EC0-301F-11D3-BF4B-00C04F79EFBC}") = "HelloWorld", "HelloWorld\HelloWorld.csproj", "{3C926BC0-3F09-466E-8CF5-A1F29CDFE2DF}"
EndProject
Project("{FAE04EC0-301F-11D3-BF4B-00C04F79EFBC}") = "HelloWorldLibrary", "HelloWorldLibrary\HelloWorldLibrary.csproj", "{E4346AC4-118C-4119-9BFC-383A90C122DE}"
EndProject
Global
	GlobalSection(SolutionConfigurationPlatforms) = preSolution
		Debug|Any CPU = Debug|Any CPU
		Release|Any CPU = Release|Any CPU
	EndGlobalSection
	GlobalSection(ProjectConfigurationPlatforms) = postSolution
		{3C926BC0-3F09-466E-8CF5-A1F29CDFE2DF}.Debug|Any CPU.ActiveCfg = Debug|Any CPU
		{3C926BC0-3F09-466E-8CF5-A1F29CDFE2DF}.Debug|Any CPU.Build.0 = Debug|Any CPU
		{3C926BC0-3F09-466E-8CF5-A1F29CDFE2DF}.Release|Any CPU.ActiveCfg = Release|Any CPU
		{3C926BC0-3F09-466E-8CF5-A1F29CDFE2DF}.Release|Any CPU.Build.0 = Release|Any CPU
		{E4346AC4-118C-4119-9BFC-383A90C122DE}.Debug|Any CPU.ActiveCfg = Debug|Any CPU
		{E4346AC4-118C-4119-9BFC-383A90C122DE}.Debug|Any CPU.Build.0 = Debug|Any CPU
		{E4346AC4-118C-4119-9BFC-383A90C122DE}.Release|Any CPU.ActiveCfg = Release|Any CPU
		{E4346AC4-118C-4119-9BFC-383A90C122DE}.Release|Any CPU.Build.0 = Release|Any CPU
	EndGlobalSection
	GlobalSection(SolutionProperties) = preSolution
		HideSolutionNode = FALSE
	EndGlobalSection
EndGlobal
