
Microsoft Visual Studio Solution File, Format Version 12.00
# Visual Studio 2012
Project("{FAE04EC0-301F-11D3-BF4B-00C04F79EFBC}") = "CarDemo", "CarDemo\CarDemo.csproj", "{60EF49E2-9B45-44A6-82C4-A2DF6583C987}"
EndProject
Project("{FAE04EC0-301F-11D3-BF4B-00C04F79EFBC}") = "CarLibrary", "CarLibrary\CarLibrary.csproj", "{D822A638-31F5-4218-9683-2D34C9CA22D9}"
EndProject
Global
	GlobalSection(SolutionConfigurationPlatforms) = preSolution
		Debug|Any CPU = Debug|Any CPU
		Release|Any CPU = Release|Any CPU
	EndGlobalSection
	GlobalSection(ProjectConfigurationPlatforms) = postSolution
		{60EF49E2-9B45-44A6-82C4-A2DF6583C987}.Debug|Any CPU.ActiveCfg = Debug|Any CPU
		{60EF49E2-9B45-44A6-82C4-A2DF6583C987}.Debug|Any CPU.Build.0 = Debug|Any CPU
		{60EF49E2-9B45-44A6-82C4-A2DF6583C987}.Release|Any CPU.ActiveCfg = Release|Any CPU
		{60EF49E2-9B45-44A6-82C4-A2DF6583C987}.Release|Any CPU.Build.0 = Release|Any CPU
		{D822A638-31F5-4218-9683-2D34C9CA22D9}.Debug|Any CPU.ActiveCfg = Debug|Any CPU
		{D822A638-31F5-4218-9683-2D34C9CA22D9}.Debug|Any CPU.Build.0 = Debug|Any CPU
		{D822A638-31F5-4218-9683-2D34C9CA22D9}.Release|Any CPU.ActiveCfg = Release|Any CPU
		{D822A638-31F5-4218-9683-2D34C9CA22D9}.Release|Any CPU.Build.0 = Release|Any CPU
	EndGlobalSection
	GlobalSection(SolutionProperties) = preSolution
		HideSolutionNode = FALSE
	EndGlobalSection
EndGlobal
